
Microsoft Visual Studio Solution File, Format Version 12.00
# Visual Studio Version 17
VisualStudioVersion = 17.8.34309.116
MinimumVisualStudioVersion = 10.0.40219.1
Project("{9A19103F-16F7-4668-BE54-9A1E7A4F7556}") = "BlazorWasmClient", "BlazorWasmClient\BlazorWasmClient.csproj", "{B510D7B4-475C-414F-9736-9F40F3C020C2}"
EndProject
Project("{9A19103F-16F7-4668-BE54-9A1E7A4F7556}") = "WebAPI", "WebAPI\WebAPI.csproj", "{B8924127-D9D4-46CA-A9F0-A3BC5C102C37}"
EndProject
Project("{9A19103F-16F7-4668-BE54-9A1E7A4F7556}") = "SharedLibrary", "SharedLibrary\SharedLibrary.csproj", "{187D5F30-FEA9-49E1-97B8-0A83F4CF5243}"
EndProject
Global
	GlobalSection(SolutionConfigurationPlatforms) = preSolution
		Debug|Any CPU = Debug|Any CPU
		Release|Any CPU = Release|Any CPU
	EndGlobalSection
	GlobalSection(ProjectConfigurationPlatforms) = postSolution
		{B510D7B4-475C-414F-9736-9F40F3C020C2}.Debug|Any CPU.ActiveCfg = Debug|Any CPU
		{B510D7B4-475C-414F-9736-9F40F3C020C2}.Debug|Any CPU.Build.0 = Debug|Any CPU
		{B510D7B4-475C-414F-9736-9F40F3C020C2}.Release|Any CPU.ActiveCfg = Release|Any CPU
		{B510D7B4-475C-414F-9736-9F40F3C020C2}.Release|Any CPU.Build.0 = Release|Any CPU
		{B8924127-D9D4-46CA-A9F0-A3BC5C102C37}.Debug|Any CPU.ActiveCfg = Debug|Any CPU
		{B8924127-D9D4-46CA-A9F0-A3BC5C102C37}.Debug|Any CPU.Build.0 = Debug|Any CPU
		{B8924127-D9D4-46CA-A9F0-A3BC5C102C37}.Release|Any CPU.ActiveCfg = Release|Any CPU
		{B8924127-D9D4-46CA-A9F0-A3BC5C102C37}.Release|Any CPU.Build.0 = Release|Any CPU
		{187D5F30-FEA9-49E1-97B8-0A83F4CF5243}.Debug|Any CPU.ActiveCfg = Debug|Any CPU
		{187D5F30-FEA9-49E1-97B8-0A83F4CF5243}.Debug|Any CPU.Build.0 = Debug|Any CPU
		{187D5F30-FEA9-49E1-97B8-0A83F4CF5243}.Release|Any CPU.ActiveCfg = Release|Any CPU
		{187D5F30-FEA9-49E1-97B8-0A83F4CF5243}.Release|Any CPU.Build.0 = Release|Any CPU
	EndGlobalSection
	GlobalSection(SolutionProperties) = preSolution
		HideSolutionNode = FALSE
	EndGlobalSection
	GlobalSection(ExtensibilityGlobals) = postSolution
		SolutionGuid = {0A095398-2381-4C80-BCC9-936E61A2F8DD}
	EndGlobalSection
EndGlobal
